
Microsoft Visual Studio Solution File, Format Version 12.00
# Visual Studio Version 16
VisualStudioVersion = 16.0.29728.190
MinimumVisualStudioVersion = 10.0.40219.1
Project("{FAE04EC0-301F-11D3-BF4B-00C04F79EFBC}") = "ValidationPOC.RuleEngine", "ValidationPOC.RuleEngine\ValidationPOC.RuleEngine.csproj", "{31FFD5B9-3A9C-4394-83D2-55F047AB1D21}"
EndProject
Project("{FAE04EC0-301F-11D3-BF4B-00C04F79EFBC}") = "ValidationPOC.Domains", "ValidationPOC.Domains\ValidationPOC.Domains.csproj", "{BD1380A5-3343-4CCE-B47B-7D981F399700}"
EndProject
Project("{FAE04EC0-301F-11D3-BF4B-00C04F79EFBC}") = "ValidationPOC.Rules.WellPoint", "ValidationPOC.Rules\ValidationPOC.Rules.WellPoint.csproj", "{87C56A6A-2FC7-40D4-9AA1-9B6402140D15}"
EndProject
Project("{FAE04EC0-301F-11D3-BF4B-00C04F79EFBC}") = "ValidationPOC.Rules.Gateway", "ValidationPOC.Rules.Gateway\ValidationPOC.Rules.Gateway.csproj", "{17EBC0EE-C03E-42D8-9B36-94E9CD8EB7F6}"
EndProject
Global
	GlobalSection(SolutionConfigurationPlatforms) = preSolution
		Debug|Any CPU = Debug|Any CPU
		Release|Any CPU = Release|Any CPU
	EndGlobalSection
	GlobalSection(ProjectConfigurationPlatforms) = postSolution
		{31FFD5B9-3A9C-4394-83D2-55F047AB1D21}.Debug|Any CPU.ActiveCfg = Debug|Any CPU
		{31FFD5B9-3A9C-4394-83D2-55F047AB1D21}.Debug|Any CPU.Build.0 = Debug|Any CPU
		{31FFD5B9-3A9C-4394-83D2-55F047AB1D21}.Release|Any CPU.ActiveCfg = Release|Any CPU
		{31FFD5B9-3A9C-4394-83D2-55F047AB1D21}.Release|Any CPU.Build.0 = Release|Any CPU
		{BD1380A5-3343-4CCE-B47B-7D981F399700}.Debug|Any CPU.ActiveCfg = Debug|Any CPU
		{BD1380A5-3343-4CCE-B47B-7D981F399700}.Debug|Any CPU.Build.0 = Debug|Any CPU
		{BD1380A5-3343-4CCE-B47B-7D981F399700}.Release|Any CPU.ActiveCfg = Release|Any CPU
		{BD1380A5-3343-4CCE-B47B-7D981F399700}.Release|Any CPU.Build.0 = Release|Any CPU
		{87C56A6A-2FC7-40D4-9AA1-9B6402140D15}.Debug|Any CPU.ActiveCfg = Debug|Any CPU
		{87C56A6A-2FC7-40D4-9AA1-9B6402140D15}.Debug|Any CPU.Build.0 = Debug|Any CPU
		{87C56A6A-2FC7-40D4-9AA1-9B6402140D15}.Release|Any CPU.ActiveCfg = Release|Any CPU
		{87C56A6A-2FC7-40D4-9AA1-9B6402140D15}.Release|Any CPU.Build.0 = Release|Any CPU
		{17EBC0EE-C03E-42D8-9B36-94E9CD8EB7F6}.Debug|Any CPU.ActiveCfg = Debug|Any CPU
		{17EBC0EE-C03E-42D8-9B36-94E9CD8EB7F6}.Debug|Any CPU.Build.0 = Debug|Any CPU
		{17EBC0EE-C03E-42D8-9B36-94E9CD8EB7F6}.Release|Any CPU.ActiveCfg = Release|Any CPU
		{17EBC0EE-C03E-42D8-9B36-94E9CD8EB7F6}.Release|Any CPU.Build.0 = Release|Any CPU
	EndGlobalSection
	GlobalSection(SolutionProperties) = preSolution
		HideSolutionNode = FALSE
	EndGlobalSection
	GlobalSection(ExtensibilityGlobals) = postSolution
		SolutionGuid = {2D13CC8E-321C-4DA7-9201-036E1F34E217}
	EndGlobalSection
EndGlobal
